PODS:
  - AEXML (4.6.1)
  - Nuke (10.7.1)

DEPENDENCIES:
  - AEXML
  - Nuke

SPEC REPOS:
  trunk:
    - AEXML
    - Nuke

SPEC CHECKSUMS:
  AEXML: 1e255ecc6597212f97a7454a69ebd3ede64ac1cf
  Nuke: 279f17a599fd1c83cf51de5e0e1f2db143a287b0

PODFILE CHECKSUM: 8ad2d6d21d9bc93e76ab530da1b088eba81f811e

COCOAPODS: 1.11.3
